
Microsoft Visual Studio Solution File, Format Version 12.00
# Visual Studio Version 17
VisualStudioVersion = 17.5.002.0
MinimumVisualStudioVersion = 10.0.40219.1
Project("{9A19103F-16F7-4668-BE54-9A1E7A4F7556}") = "URI 1153", "URI 1153.csproj", "{D416A98C-0F4B-4884-A4D8-17798C1C8B12}"
EndProject
Global
	GlobalSection(SolutionConfigurationPlatforms) = preSolution
		Debug|Any CPU = Debug|Any CPU
		Release|Any CPU = Release|Any CPU
	EndGlobalSection
	GlobalSection(ProjectConfigurationPlatforms) = postSolution
		{D416A98C-0F4B-4884-A4D8-17798C1C8B12}.Debug|Any CPU.ActiveCfg = Debug|Any CPU
		{D416A98C-0F4B-4884-A4D8-17798C1C8B12}.Debug|Any CPU.Build.0 = Debug|Any CPU
		{D416A98C-0F4B-4884-A4D8-17798C1C8B12}.Release|Any CPU.ActiveCfg = Release|Any CPU
		{D416A98C-0F4B-4884-A4D8-17798C1C8B12}.Release|Any CPU.Build.0 = Release|Any CPU
	EndGlobalSection
	GlobalSection(SolutionProperties) = preSolution
		HideSolutionNode = FALSE
	EndGlobalSection
	GlobalSection(ExtensibilityGlobals) = postSolution
		SolutionGuid = {68688B49-9D5C-4D26-878B-F17B9855C92E}
	EndGlobalSection
EndGlobal
